# This file is automatically @generated by Cargo.
# It is not intended for manual editing.
version = 4

[[package]]
name = "asaccess"
version = "0.1.0"
dependencies = [
 "narration",
 "rvasm",
 "rvm",
 "speech",
]

[[package]]
name = "asaccess-cli"
version = "0.1.0"
dependencies = [
 "rvasm",
 "rvm",
]

[[package]]
name = "narration"
version = "0.1.0"

[[package]]
name = "rvasm"
version = "0.1.0"

[[package]]
name = "rvm"
version = "0.1.0"

[[package]]
name = "speech"
version = "0.1.0"
